
Microsoft Visual Studio Solution File, Format Version 12.00
# Visual Studio Version 16
VisualStudioVersion = 16.0.30204.135
MinimumVisualStudioVersion = 10.0.40219.1
Project("{FAE04EC0-301F-11D3-BF4B-00C04F79EFBC}") = "FinancialPortfolioCalculator", "FinancialPortfolioCalculator.csproj", "{9870D0A9-3CED-4235-BFE1-260B57027196}"
EndProject
Global
	GlobalSection(SolutionConfigurationPlatforms) = preSolution
		Debug|Any CPU = Debug|Any CPU
		Release|Any CPU = Release|Any CPU
	EndGlobalSection
	GlobalSection(ProjectConfigurationPlatforms) = postSolution
		{9870D0A9-3CED-4235-BFE1-260B57027196}.Debug|Any CPU.ActiveCfg = Debug|Any CPU
		{9870D0A9-3CED-4235-BFE1-260B57027196}.Debug|Any CPU.Build.0 = Debug|Any CPU
		{9870D0A9-3CED-4235-BFE1-260B57027196}.Release|Any CPU.ActiveCfg = Release|Any CPU
		{9870D0A9-3CED-4235-BFE1-260B57027196}.Release|Any CPU.Build.0 = Release|Any CPU
	EndGlobalSection
	GlobalSection(SolutionProperties) = preSolution
		HideSolutionNode = FALSE
	EndGlobalSection
	GlobalSection(ExtensibilityGlobals) = postSolution
		SolutionGuid = {01B7E8FE-9B40-4C53-B63D-0EDE668DC4D2}
	EndGlobalSection
EndGlobal
